
Microsoft Visual Studio Solution File, Format Version 12.00
# Visual Studio Version 16
VisualStudioVersion = 16.0.29326.143
MinimumVisualStudioVersion = 15.0.26124.0
Project("{FAE04EC0-301F-11D3-BF4B-00C04F79EFBC}") = "pr-dash", "src\pr-dash.csproj", "{4FD7F797-0EE6-416E-8F86-EB3B66E06847}"
EndProject
Project("{FAE04EC0-301F-11D3-BF4B-00C04F79EFBC}") = "pr-dash-test", "test\pr-dash-test.csproj", "{AECDF7D3-7F05-49F8-8822-3A9B67852ABE}"
EndProject
Global
	GlobalSection(SolutionConfigurationPlatforms) = preSolution
		Debug|Any CPU = Debug|Any CPU
		Debug|x64 = Debug|x64
		Debug|x86 = Debug|x86
		Release|Any CPU = Release|Any CPU
		Release|x64 = Release|x64
		Release|x86 = Release|x86
	EndGlobalSection
	GlobalSection(ProjectConfigurationPlatforms) = postSolution
		{4FD7F797-0EE6-416E-8F86-EB3B66E06847}.Debug|Any CPU.ActiveCfg = Debug|Any CPU
		{4FD7F797-0EE6-416E-8F86-EB3B66E06847}.Debug|Any CPU.Build.0 = Debug|Any CPU
		{4FD7F797-0EE6-416E-8F86-EB3B66E06847}.Debug|x64.ActiveCfg = Debug|Any CPU
		{4FD7F797-0EE6-416E-8F86-EB3B66E06847}.Debug|x64.Build.0 = Debug|Any CPU
		{4FD7F797-0EE6-416E-8F86-EB3B66E06847}.Debug|x86.ActiveCfg = Debug|Any CPU
		{4FD7F797-0EE6-416E-8F86-EB3B66E06847}.Debug|x86.Build.0 = Debug|Any CPU
		{4FD7F797-0EE6-416E-8F86-EB3B66E06847}.Release|Any CPU.ActiveCfg = Release|Any CPU
		{4FD7F797-0EE6-416E-8F86-EB3B66E06847}.Release|Any CPU.Build.0 = Release|Any CPU
		{4FD7F797-0EE6-416E-8F86-EB3B66E06847}.Release|x64.ActiveCfg = Release|Any CPU
		{4FD7F797-0EE6-416E-8F86-EB3B66E06847}.Release|x64.Build.0 = Release|Any CPU
		{4FD7F797-0EE6-416E-8F86-EB3B66E06847}.Release|x86.ActiveCfg = Release|Any CPU
		{4FD7F797-0EE6-416E-8F86-EB3B66E06847}.Release|x86.Build.0 = Release|Any CPU
		{AECDF7D3-7F05-49F8-8822-3A9B67852ABE}.Debug|Any CPU.ActiveCfg = Debug|Any CPU
		{AECDF7D3-7F05-49F8-8822-3A9B67852ABE}.Debug|Any CPU.Build.0 = Debug|Any CPU
		{AECDF7D3-7F05-49F8-8822-3A9B67852ABE}.Debug|x64.ActiveCfg = Debug|Any CPU
		{AECDF7D3-7F05-49F8-8822-3A9B67852ABE}.Debug|x64.Build.0 = Debug|Any CPU
		{AECDF7D3-7F05-49F8-8822-3A9B67852ABE}.Debug|x86.ActiveCfg = Debug|Any CPU
		{AECDF7D3-7F05-49F8-8822-3A9B67852ABE}.Debug|x86.Build.0 = Debug|Any CPU
		{AECDF7D3-7F05-49F8-8822-3A9B67852ABE}.Release|Any CPU.ActiveCfg = Release|Any CPU
		{AECDF7D3-7F05-49F8-8822-3A9B67852ABE}.Release|Any CPU.Build.0 = Release|Any CPU
		{AECDF7D3-7F05-49F8-8822-3A9B67852ABE}.Release|x64.ActiveCfg = Release|Any CPU
		{AECDF7D3-7F05-49F8-8822-3A9B67852ABE}.Release|x64.Build.0 = Release|Any CPU
		{AECDF7D3-7F05-49F8-8822-3A9B67852ABE}.Release|x86.ActiveCfg = Release|Any CPU
		{AECDF7D3-7F05-49F8-8822-3A9B67852ABE}.Release|x86.Build.0 = Release|Any CPU
	EndGlobalSection
	GlobalSection(SolutionProperties) = preSolution
		HideSolutionNode = FALSE
	EndGlobalSection
	GlobalSection(ExtensibilityGlobals) = postSolution
		SolutionGuid = {4C32AAF8-76F3-41A2-AACD-225BAC203C61}
	EndGlobalSection
EndGlobal
